{
  "name": "npm-workspace-practice",
  "lockfileVersion": 2,
  "requires": true,
  "packages": {
    "": {
      "workspaces": [
        "packages/*"
      ]
    },
    "node_modules/@nwp/common": {
      "resolved": "packages/common",
      "link": true
    },
    "node_modules/@nwp/server": {
      "resolved": "packages/server",
      "link": true
    },
    "packages/common": {
      "name": "@nwp/common",
      "version": "1.0.0",
      "license": "MIT"
    },
    "packages/server": {
      "name": "@nwp/server",
      "version": "1.0.0",
      "license": "MIT",
      "dependencies": {
        "@nwp/common": "1.0.0"
      }
    }
  },
  "dependencies": {
    "@nwp/common": {
      "version": "file:packages/common"
    },
    "@nwp/server": {
      "version": "file:packages/server",
      "requires": {
        "@nwp/common": "1.0.0"
      }
    }
  }
}
